
Microsoft Visual Studio Solution File, Format Version 12.00
# Visual Studio Version 16
VisualStudioVersion = 16.0.30413.136
MinimumVisualStudioVersion = 10.0.40219.1
Project("{9A19103F-16F7-4668-BE54-9A1E7A4F7556}") = "BusinessLogicLayer", "BusinessLogicLayer\BusinessLogicLayer.csproj", "{6EC4863D-2940-4351-B3A6-85C98738D541}"
EndProject
Project("{9A19103F-16F7-4668-BE54-9A1E7A4F7556}") = "DataAccessLayer", "DataAccessLayer\DataAccessLayer.csproj", "{6F46A804-B120-4DB1-88CD-32C413BBA7B0}"
EndProject
Project("{9A19103F-16F7-4668-BE54-9A1E7A4F7556}") = "Entities", "Entities\Entities.csproj", "{6EE4FDA8-40C5-4F5E-89E1-EE2E3282F3B4}"
EndProject
Project("{9A19103F-16F7-4668-BE54-9A1E7A4F7556}") = "Core", "Core\Core.csproj", "{ECD46C6D-B5B7-4161-96D0-74C4996B101E}"
EndProject
Project("{9A19103F-16F7-4668-BE54-9A1E7A4F7556}") = "EmployeeTracking.WebAPP", "Web\EmployeeTracking.WebAPP\EmployeeTracking.WebAPP.csproj", "{00687D53-C5DE-43EC-9B13-112A1E21A6B6}"
EndProject
Project("{2150E333-8FDC-42A3-9474-1A3956D46DE8}") = "Backup", "Backup", "{46157B4E-E23E-4A6C-A4EC-563383E455AB}"
	ProjectSection(SolutionItems) = preProject
		..\EmployeeTrackingSystem.bak = ..\EmployeeTrackingSystem.bak
		..\script.sql = ..\script.sql
	EndProjectSection
EndProject
Project("{FAE04EC0-301F-11D3-BF4B-00C04F79EFBC}") = "FaturaUygulamasi.WebApp", "WebApp\FaturaUygulamasi.WebApp\FaturaUygulamasi.WebApp.csproj", "{F3368BFC-3AD3-4A30-82CC-B9FAA34C7D23}"
EndProject
Project("{00D1A9C2-B5F0-4AF3-8072-F6C62B433612}") = "FaturaUygulamasi.Database", "Database\FaturaUygulamasi.Database\FaturaUygulamasi.Database.sqlproj", "{B177DD24-315A-44DB-A6AA-09A9EAFA647E}"
EndProject
Global
	GlobalSection(SolutionConfigurationPlatforms) = preSolution
		Debug|Any CPU = Debug|Any CPU
		Release|Any CPU = Release|Any CPU
	EndGlobalSection
	GlobalSection(ProjectConfigurationPlatforms) = postSolution
		{6EC4863D-2940-4351-B3A6-85C98738D541}.Debug|Any CPU.ActiveCfg = Debug|Any CPU
		{6EC4863D-2940-4351-B3A6-85C98738D541}.Debug|Any CPU.Build.0 = Debug|Any CPU
		{6EC4863D-2940-4351-B3A6-85C98738D541}.Release|Any CPU.ActiveCfg = Release|Any CPU
		{6EC4863D-2940-4351-B3A6-85C98738D541}.Release|Any CPU.Build.0 = Release|Any CPU
		{6F46A804-B120-4DB1-88CD-32C413BBA7B0}.Debug|Any CPU.ActiveCfg = Debug|Any CPU
		{6F46A804-B120-4DB1-88CD-32C413BBA7B0}.Debug|Any CPU.Build.0 = Debug|Any CPU
		{6F46A804-B120-4DB1-88CD-32C413BBA7B0}.Release|Any CPU.ActiveCfg = Release|Any CPU
		{6F46A804-B120-4DB1-88CD-32C413BBA7B0}.Release|Any CPU.Build.0 = Release|Any CPU
		{6EE4FDA8-40C5-4F5E-89E1-EE2E3282F3B4}.Debug|Any CPU.ActiveCfg = Debug|Any CPU
		{6EE4FDA8-40C5-4F5E-89E1-EE2E3282F3B4}.Debug|Any CPU.Build.0 = Debug|Any CPU
		{6EE4FDA8-40C5-4F5E-89E1-EE2E3282F3B4}.Release|Any CPU.ActiveCfg = Release|Any CPU
		{6EE4FDA8-40C5-4F5E-89E1-EE2E3282F3B4}.Release|Any CPU.Build.0 = Release|Any CPU
		{ECD46C6D-B5B7-4161-96D0-74C4996B101E}.Debug|Any CPU.ActiveCfg = Debug|Any CPU
		{ECD46C6D-B5B7-4161-96D0-74C4996B101E}.Debug|Any CPU.Build.0 = Debug|Any CPU
		{ECD46C6D-B5B7-4161-96D0-74C4996B101E}.Release|Any CPU.ActiveCfg = Release|Any CPU
		{ECD46C6D-B5B7-4161-96D0-74C4996B101E}.Release|Any CPU.Build.0 = Release|Any CPU
		{00687D53-C5DE-43EC-9B13-112A1E21A6B6}.Debug|Any CPU.ActiveCfg = Debug|Any CPU
		{00687D53-C5DE-43EC-9B13-112A1E21A6B6}.Debug|Any CPU.Build.0 = Debug|Any CPU
		{00687D53-C5DE-43EC-9B13-112A1E21A6B6}.Release|Any CPU.ActiveCfg = Release|Any CPU
		{00687D53-C5DE-43EC-9B13-112A1E21A6B6}.Release|Any CPU.Build.0 = Release|Any CPU
		{F3368BFC-3AD3-4A30-82CC-B9FAA34C7D23}.Debug|Any CPU.ActiveCfg = Debug|Any CPU
		{F3368BFC-3AD3-4A30-82CC-B9FAA34C7D23}.Debug|Any CPU.Build.0 = Debug|Any CPU
		{F3368BFC-3AD3-4A30-82CC-B9FAA34C7D23}.Release|Any CPU.ActiveCfg = Release|Any CPU
		{F3368BFC-3AD3-4A30-82CC-B9FAA34C7D23}.Release|Any CPU.Build.0 = Release|Any CPU
		{B177DD24-315A-44DB-A6AA-09A9EAFA647E}.Debug|Any CPU.ActiveCfg = Debug|Any CPU
		{B177DD24-315A-44DB-A6AA-09A9EAFA647E}.Debug|Any CPU.Build.0 = Debug|Any CPU
		{B177DD24-315A-44DB-A6AA-09A9EAFA647E}.Debug|Any CPU.Deploy.0 = Debug|Any CPU
		{B177DD24-315A-44DB-A6AA-09A9EAFA647E}.Release|Any CPU.ActiveCfg = Release|Any CPU
		{B177DD24-315A-44DB-A6AA-09A9EAFA647E}.Release|Any CPU.Build.0 = Release|Any CPU
		{B177DD24-315A-44DB-A6AA-09A9EAFA647E}.Release|Any CPU.Deploy.0 = Release|Any CPU
	EndGlobalSection
	GlobalSection(SolutionProperties) = preSolution
		HideSolutionNode = FALSE
	EndGlobalSection
	GlobalSection(ExtensibilityGlobals) = postSolution
		SolutionGuid = {5D63596D-F567-4888-BE1A-E686E37DA9C4}
	EndGlobalSection
EndGlobal
